
Microsoft Visual Studio Solution File, Format Version 12.00
# Visual Studio Version 16
VisualStudioVersion = 25.0.1706.14
MinimumVisualStudioVersion = 10.0.40219.1
Project("{FAE04EC0-301F-11D3-BF4B-00C04F79EFBC}") = "Week15", "Week15.csproj", "{D531D85E-2A38-4B21-81E8-C640BCC23A30}"
EndProject
Global
	GlobalSection(SolutionConfigurationPlatforms) = preSolution
		Debug|Any CPU = Debug|Any CPU
		Release|Any CPU = Release|Any CPU
	EndGlobalSection
	GlobalSection(ProjectConfigurationPlatforms) = postSolution
		{D531D85E-2A38-4B21-81E8-C640BCC23A30}.Debug|Any CPU.ActiveCfg = Debug|Any CPU
		{D531D85E-2A38-4B21-81E8-C640BCC23A30}.Debug|Any CPU.Build.0 = Debug|Any CPU
		{D531D85E-2A38-4B21-81E8-C640BCC23A30}.Release|Any CPU.ActiveCfg = Release|Any CPU
		{D531D85E-2A38-4B21-81E8-C640BCC23A30}.Release|Any CPU.Build.0 = Release|Any CPU
	EndGlobalSection
	GlobalSection(SolutionProperties) = preSolution
		HideSolutionNode = FALSE
	EndGlobalSection
	GlobalSection(ExtensibilityGlobals) = postSolution
		SolutionGuid = {8DDF4627-72ED-48FA-80D4-5A45E30EBDAF}
	EndGlobalSection
EndGlobal
